
Microsoft Visual Studio Solution File, Format Version 12.00
# Visual Studio Version 17
VisualStudioVersion = 17.3.32922.545
MinimumVisualStudioVersion = 10.0.40219.1
Project("{FAE04EC0-301F-11D3-BF4B-00C04F79EFBC}") = "ExcelPastePoC.WPF", "ExcelPastePoC.WPF\ExcelPastePoC.WPF.csproj", "{B9C91A7B-7C89-4171-9013-FBAB261A66DC}"
EndProject
Project("{FAE04EC0-301F-11D3-BF4B-00C04F79EFBC}") = "ExcelPastePoC.ViewModels", "ExcelPastePoC.ViewModels\ExcelPastePoC.ViewModels.csproj", "{4F12DDF2-FAAE-4A91-988C-220883135753}"
EndProject
Project("{FAE04EC0-301F-11D3-BF4B-00C04F79EFBC}") = "ExcelPastePoC.Models", "ExcelPastePoC.Models\ExcelPastePoC.Models.csproj", "{44239699-E45D-4D9D-941D-C805A3464FD2}"
EndProject
Project("{FAE04EC0-301F-11D3-BF4B-00C04F79EFBC}") = "ExcelPastePoC.ClipboardSupport", "ExcelPastePoC.ClipboardSupport\ExcelPastePoC.ClipboardSupport.csproj", "{8E2E00C1-BFBE-4B85-8641-46EDAA31B8E7}"
EndProject
Project("{FAE04EC0-301F-11D3-BF4B-00C04F79EFBC}") = "ExcelPastePoC.DataConversion", "ExcelPastePoC.DataConversion\ExcelPastePoC.DataConversion.csproj", "{0F4A27E5-DB1C-49F9-AA57-E927564C0EBB}"
EndProject
Global
	GlobalSection(SolutionConfigurationPlatforms) = preSolution
		Debug|Any CPU = Debug|Any CPU
		Release|Any CPU = Release|Any CPU
	EndGlobalSection
	GlobalSection(ProjectConfigurationPlatforms) = postSolution
		{B9C91A7B-7C89-4171-9013-FBAB261A66DC}.Debug|Any CPU.ActiveCfg = Debug|Any CPU
		{B9C91A7B-7C89-4171-9013-FBAB261A66DC}.Debug|Any CPU.Build.0 = Debug|Any CPU
		{B9C91A7B-7C89-4171-9013-FBAB261A66DC}.Release|Any CPU.ActiveCfg = Release|Any CPU
		{B9C91A7B-7C89-4171-9013-FBAB261A66DC}.Release|Any CPU.Build.0 = Release|Any CPU
		{4F12DDF2-FAAE-4A91-988C-220883135753}.Debug|Any CPU.ActiveCfg = Debug|Any CPU
		{4F12DDF2-FAAE-4A91-988C-220883135753}.Debug|Any CPU.Build.0 = Debug|Any CPU
		{4F12DDF2-FAAE-4A91-988C-220883135753}.Release|Any CPU.ActiveCfg = Release|Any CPU
		{4F12DDF2-FAAE-4A91-988C-220883135753}.Release|Any CPU.Build.0 = Release|Any CPU
		{44239699-E45D-4D9D-941D-C805A3464FD2}.Debug|Any CPU.ActiveCfg = Debug|Any CPU
		{44239699-E45D-4D9D-941D-C805A3464FD2}.Debug|Any CPU.Build.0 = Debug|Any CPU
		{44239699-E45D-4D9D-941D-C805A3464FD2}.Release|Any CPU.ActiveCfg = Release|Any CPU
		{44239699-E45D-4D9D-941D-C805A3464FD2}.Release|Any CPU.Build.0 = Release|Any CPU
		{8E2E00C1-BFBE-4B85-8641-46EDAA31B8E7}.Debug|Any CPU.ActiveCfg = Debug|Any CPU
		{8E2E00C1-BFBE-4B85-8641-46EDAA31B8E7}.Debug|Any CPU.Build.0 = Debug|Any CPU
		{8E2E00C1-BFBE-4B85-8641-46EDAA31B8E7}.Release|Any CPU.ActiveCfg = Release|Any CPU
		{8E2E00C1-BFBE-4B85-8641-46EDAA31B8E7}.Release|Any CPU.Build.0 = Release|Any CPU
		{0F4A27E5-DB1C-49F9-AA57-E927564C0EBB}.Debug|Any CPU.ActiveCfg = Debug|Any CPU
		{0F4A27E5-DB1C-49F9-AA57-E927564C0EBB}.Debug|Any CPU.Build.0 = Debug|Any CPU
		{0F4A27E5-DB1C-49F9-AA57-E927564C0EBB}.Release|Any CPU.ActiveCfg = Release|Any CPU
		{0F4A27E5-DB1C-49F9-AA57-E927564C0EBB}.Release|Any CPU.Build.0 = Release|Any CPU
	EndGlobalSection
	GlobalSection(SolutionProperties) = preSolution
		HideSolutionNode = FALSE
	EndGlobalSection
	GlobalSection(ExtensibilityGlobals) = postSolution
		SolutionGuid = {E5225BEB-6167-4582-8F98-6C511EF30266}
	EndGlobalSection
EndGlobal
